github.com/firefly-zero/firefly-go v0.9.1 h1:QATg5CHO4CW4mG+DSxD5/SbCmXnE+PQRtOZVmpp5d+c=
github.com/firefly-zero/firefly-go v0.9.1/go.mod h1:+X/XGyPdES51OESkV8NSf1mszEBZionoROM7x2pBofw=
github.com/firefly-zero/firefly-go v0.9.3 h1:IcAsGR1hiVCiSbCwaYS+KKBvtYCA3hvzniV00OqJRmg=
github.com/firefly-zero/firefly-go v0.9.3/go.mod h1:+X/XGyPdES51OESkV8NSf1mszEBZionoROM7x2pBofw=
github.com/orsinium-labs/tinymath v1.0.0 h1:Uzp3GmjWIBxMObx4MQi9ACDu4Q8WKjSRakB1OMo9Bu0=
github.com/orsinium-labs/tinymath v1.0.0/go.mod h1:WPXX6ei3KSXG7JfA03a+ekCYaY9SWN4I+JRl2p6ck+A=
github.com/orsinium-labs/tinymath v1.1.0 h1:KomdsyLHB7vE3f1nRAJF2dyf1m/gnM2HxfTeV1vS5UA=
github.com/orsinium-labs/tinymath v1.1.0/go.mod h1:WPXX6ei3KSXG7JfA03a+ekCYaY9SWN4I+JRl2p6ck+A=
